// !$*UTF8*$!
{
	archiveVersion = 1;
	classes = {
	};
	objectVersion = 55;
	objects = {

/* Begin PBXBuildFile section */
		0C066B7E2861DA8A0078C646 /* AppDelegate.m in Sources */ = {isa = PBXBuildFile; fileRef = 0C066B7D2861DA8A0078C646 /* AppDelegate.m */; };
		0C066B812861DA8A0078C646 /* SceneDelegate.m in Sources */ = {isa = PBXBuildFile; fileRef = 0C066B802861DA8A0078C646 /* SceneDelegate.m */; };
		0C066B842861DA8A0078C646 /* MoviesViewController.m in Sources */ = {isa = PBXBuildFile; fileRef = 0C066B832861DA8A0078C646 /* MoviesViewController.m */; };
		0C066B872861DA8A0078C646 /* Main.storyboard in Resources */ = {isa = PBXBuildFile; fileRef = 0C066B852861DA8A0078C646 /* Main.storyboard */; };
		0C066B892861DA8D0078C646 /* Assets.xcassets in Resources */ = {isa = PBXBuildFile; fileRef = 0C066B882861DA8D0078C646 /* Assets.xcassets */; };
		0C066B8C2861DA8D0078C646 /* LaunchScreen.storyboard in Resources */ = {isa = PBXBuildFile; fileRef = 0C066B8A2861DA8D0078C646 /* LaunchScreen.storyboard */; };
		0C066B8F2861DA8D0078C646 /* main.m in Sources */ = {isa = PBXBuildFile; fileRef = 0C066B8E2861DA8D0078C646 /* main.m */; };
		0C066B972861DE500078C646 /* MovieCell.m in Sources */ = {isa = PBXBuildFile; fileRef = 0C066B962861DE500078C646 /* MovieCell.m */; };
		0C066B9A2861E0660078C646 /* DetailsViewController.m in Sources */ = {isa = PBXBuildFile; fileRef = 0C066B992861E0660078C646 /* DetailsViewController.m */; };
		0C066B9D2861F6970078C646 /* MoviesCollectionViewController.m in Sources */ = {isa = PBXBuildFile; fileRef = 0C066B9C2861F6970078C646 /* MoviesCollectionViewController.m */; };
		0C066BA02861F6DC0078C646 /* MovieCollectionViewCell.m in Sources */ = {isa = PBXBuildFile; fileRef = 0C066B9F2861F6DC0078C646 /* MovieCollectionViewCell.m */; };
		CEE30704630650C8FA3F1386 /* Pods_MetaU_Flixter.framework in Frameworks */ = {isa = PBXBuildFile; fileRef = D4C9AFAE2A1093BA55722E8C /* Pods_MetaU_Flixter.framework */; };
/* End PBXBuildFile section */

/* Begin PBXFileReference section */
		0C066B792861DA8A0078C646 /* MetaU-Flixter.app */ = {isa = PBXFileReference; explicitFileType = wrapper.application; includeInIndex = 0; path = "MetaU-Flixter.app"; sourceTree = BUILT_PRODUCTS_DIR; };
		0C066B7C2861DA8A0078C646 /* AppDelegate.h */ = {isa = PBXFileReference; lastKnownFileType = sourcecode.c.h; path = AppDelegate.h; sourceTree = "<group>"; };
		0C066B7D2861DA8A0078C646 /* AppDelegate.m */ = {isa = PBXFileReference; lastKnownFileType = sourcecode.c.objc; path = AppDelegate.m; sourceTree = "<group>"; };
		0C066B7F2861DA8A0078C646 /* SceneDelegate.h */ = {isa = PBXFileReference; lastKnownFileType = sourcecode.c.h; path = SceneDelegate.h; sourceTree = "<group>"; };
		0C066B802861DA8A0078C646 /* SceneDelegate.m */ = {isa = PBXFileReference; lastKnownFileType = sourcecode.c.objc; path = SceneDelegate.m; sourceTree = "<group>"; };
		0C066B822861DA8A0078C646 /* MoviesViewController.h */ = {isa = PBXFileReference; lastKnownFileType = sourcecode.c.h; path = MoviesViewController.h; sourceTree = "<group>"; };
		0C066B832861DA8A0078C646 /* MoviesViewController.m */ = {isa = PBXFileReference; lastKnownFileType = sourcecode.c.objc; path = MoviesViewController.m; sourceTree = "<group>"; };
		0C066B862861DA8A0078C646 /* Base */ = {isa = PBXFileReference; lastKnownFileType = file.storyboard; name = Base; path = Base.lproj/Main.storyboard; sourceTree = "<group>"; };
		0C066B882861DA8D0078C646 /* Assets.xcassets */ = {isa = PBXFileReference; lastKnownFileType = folder.assetcatalog; path = Assets.xcassets; sourceTree = "<group>"; };
		0C066B8B2861DA8D0078C646 /* Base */ = {isa = PBXFileReference; lastKnownFileType = file.storyboard; name = Base; path = Base.lproj/LaunchScreen.storyboard; sourceTree = "<group>"; };
		0C066B8D2861DA8D0078C646 /* Info.plist */ = {isa = PBXFileReference; lastKnownFileType = text.plist.xml; path = Info.plist; sourceTree = "<group>"; };
		0C066B8E2861DA8D0078C646 /* main.m */ = {isa = PBXFileReference; lastKnownFileType = sourcecode.c.objc; path = main.m; sourceTree = "<group>"; };
		0C066B952861DE500078C646 /* MovieCell.h */ = {isa = PBXFileReference; lastKnownFileType = sourcecode.c.h; path = MovieCell.h; sourceTree = "<group>"; };
		0C066B962861DE500078C646 /* MovieCell.m */ = {isa = PBXFileReference; lastKnownFileType = sourcecode.c.objc; path = MovieCell.m; sourceTree = "<group>"; };
		0C066B982861E0660078C646 /* DetailsViewController.h */ = {isa = PBXFileReference; lastKnownFileType = sourcecode.c.h; path = DetailsViewController.h; sourceTree = "<group>"; };
		0C066B992861E0660078C646 /* DetailsViewController.m */ = {isa = PBXFileReference; lastKnownFileType = sourcecode.c.objc; path = DetailsViewController.m; sourceTree = "<group>"; };
		0C066B9B2861F6970078C646 /* MoviesCollectionViewController.h */ = {isa = PBXFileReference; lastKnownFileType = sourcecode.c.h; path = MoviesCollectionViewController.h; sourceTree = "<group>"; };
		0C066B9C2861F6970078C646 /* MoviesCollectionViewController.m */ = {isa = PBXFileReference; lastKnownFileType = sourcecode.c.objc; path = MoviesCollectionViewController.m; sourceTree = "<group>"; };
		0C066B9E2861F6DC0078C646 /* MovieCollectionViewCell.h */ = {isa = PBXFileReference; lastKnownFileType = sourcecode.c.h; path = MovieCollectionViewCell.h; sourceTree = "<group>"; };
		0C066B9F2861F6DC0078C646 /* MovieCollectionViewCell.m */ = {isa = PBXFileReference; lastKnownFileType = sourcecode.c.objc; path = MovieCollectionViewCell.m; sourceTree = "<group>"; };
		A4485360DC645DDEED8163DF /* Pods-MetaU-Flixter.release.xcconfig */ = {isa = PBXFileReference; includeInIndex = 1; lastKnownFileType = text.xcconfig; name = "Pods-MetaU-Flixter.release.xcconfig"; path = "Target Support Files/Pods-MetaU-Flixter/Pods-MetaU-Flixter.release.xcconfig"; sourceTree = "<group>"; };
		D4C9AFAE2A1093BA55722E8C /* Pods_MetaU_Flixter.framework */ = {isa = PBXFileReference; explicitFileType = wrapper.framework; includeInIndex = 0; path = Pods_MetaU_Flixter.framework; sourceTree = BUILT_PRODUCTS_DIR; };
		F23997D92C6268CCF1FF6A80 /* Pods-MetaU-Flixter.debug.xcconfig */ = {isa = PBXFileReference; includeInIndex = 1; lastKnownFileType = text.xcconfig; name = "Pods-MetaU-Flixter.debug.xcconfig"; path = "Target Support Files/Pods-MetaU-Flixter/Pods-MetaU-Flixter.debug.xcconfig"; sourceTree = "<group>"; };
/* End PBXFileReference section */

/* Begin PBXFrameworksBuildPhase section */
		0C066B762861DA8A0078C646 /* Frameworks */ = {
			isa = PBXFrameworksBuildPhase;
			buildActionMask = 2147483647;
			files = (
				CEE30704630650C8FA3F1386 /* Pods_MetaU_Flixter.framework in Frameworks */,
			);
			runOnlyForDeploymentPostprocessing = 0;
		};
/* End PBXFrameworksBuildPhase section */

/* Begin PBXGroup section */
		0C066B702861DA8A0078C646 = {
			isa = PBXGroup;
			children = (
				0C066B7B2861DA8A0078C646 /* MetaU-Flixter */,
				0C066B7A2861DA8A0078C646 /* Products */,
				4C85F74FDD9CF5B2380BC34E /* Pods */,
				367602A2401F89BEB95C863E /* Frameworks */,
			);
			sourceTree = "<group>";
		};
		0C066B7A2861DA8A0078C646 /* Products */ = {
			isa = PBXGroup;
			children = (
				0C066B792861DA8A0078C646 /* MetaU-Flixter.app */,
			);
			name = Products;
			sourceTree = "<group>";
		};
		0C066B7B2861DA8A0078C646 /* MetaU-Flixter */ = {
			isa = PBXGroup;
			children = (
				0C066B7C2861DA8A0078C646 /* AppDelegate.h */,
				0C066B7D2861DA8A0078C646 /* AppDelegate.m */,
				0C066B7F2861DA8A0078C646 /* SceneDelegate.h */,
				0C066B802861DA8A0078C646 /* SceneDelegate.m */,
				0C066B822861DA8A0078C646 /* MoviesViewController.h */,
				0C066B832861DA8A0078C646 /* MoviesViewController.m */,
				0C066B952861DE500078C646 /* MovieCell.h */,
				0C066B962861DE500078C646 /* MovieCell.m */,
				0C066B982861E0660078C646 /* DetailsViewController.h */,
				0C066B992861E0660078C646 /* DetailsViewController.m */,
				0C066B852861DA8A0078C646 /* Main.storyboard */,
				0C066B882861DA8D0078C646 /* Assets.xcassets */,
				0C066B8A2861DA8D0078C646 /* LaunchScreen.storyboard */,
				0C066B8D2861DA8D0078C646 /* Info.plist */,
				0C066B8E2861DA8D0078C646 /* main.m */,
				0C066B9B2861F6970078C646 /* MoviesCollectionViewController.h */,
				0C066B9C2861F6970078C646 /* MoviesCollectionViewController.m */,
				0C066B9E2861F6DC0078C646 /* MovieCollectionViewCell.h */,
				0C066B9F2861F6DC0078C646 /* MovieCollectionViewCell.m */,
			);
			path = "MetaU-Flixter";
			sourceTree = "<group>";
		};
		367602A2401F89BEB95C863E /* Frameworks */ = {
			isa = PBXGroup;
			children = (
				D4C9AFAE2A1093BA55722E8C /* Pods_MetaU_Flixter.framework */,
			);
			name = Frameworks;
			sourceTree = "<group>";
		};
		4C85F74FDD9CF5B2380BC34E /* Pods */ = {
			isa = PBXGroup;
			children = (
				F23997D92C6268CCF1FF6A80 /* Pods-MetaU-Flixter.debug.xcconfig */,
				A4485360DC645DDEED8163DF /* Pods-MetaU-Flixter.release.xcconfig */,
			);
			path = Pods;
			sourceTree = "<group>";
		};
/* End PBXGroup section */

/* Begin PBXNativeTarget section */
		0C066B782861DA8A0078C646 /* MetaU-Flixter */ = {
			isa = PBXNativeTarget;
			buildConfigurationList = 0C066B922861DA8D0078C646 /* Build configuration list for PBXNativeTarget "MetaU-Flixter" */;
			buildPhases = (
				72CDDB5305176084B84547B8 /* [CP] Check Pods Manifest.lock */,
				0C066B752861DA8A0078C646 /* Sources */,
				0C066B762861DA8A0078C646 /* Frameworks */,
				0C066B772861DA8A0078C646 /* Resources */,
				75F515A35C13D8F5AC1CFD03 /* [CP] Embed Pods Frameworks */,
			);
			buildRules = (
			);
			dependencies = (
			);
			name = "MetaU-Flixter";
			productName = "MetaU-Flixter";
			productReference = 0C066B792861DA8A0078C646 /* MetaU-Flixter.app */;
			productType = "com.apple.product-type.application";
		};
/* End PBXNativeTarget section */

/* Begin PBXProject section */
		0C066B712861DA8A0078C646 /* Project object */ = {
			isa = PBXProject;
			attributes = {
				BuildIndependentTargetsInParallel = 1;
				LastUpgradeCheck = 1340;
				TargetAttributes = {
					0C066B782861DA8A0078C646 = {
						CreatedOnToolsVersion = 13.4.1;
					};
				};
			};
			buildConfigurationList = 0C066B742861DA8A0078C646 /* Build configuration list for PBXProject "MetaU-Flixter" */;
			compatibilityVersion = "Xcode 13.0";
			developmentRegion = en;
			hasScannedForEncodings = 0;
			knownRegions = (
				en,
				Base,
			);
			mainGroup = 0C066B702861DA8A0078C646;
			productRefGroup = 0C066B7A2861DA8A0078C646 /* Products */;
			projectDirPath = "";
			projectRoot = "";
			targets = (
				0C066B782861DA8A0078C646 /* MetaU-Flixter */,
			);
		};
/* End PBXProject section */

/* Begin PBXResourcesBuildPhase section */
		0C066B772861DA8A0078C646 /* Resources */ = {
			isa = PBXResourcesBuildPhase;
			buildActionMask = 2147483647;
			files = (
				0C066B8C2861DA8D0078C646 /* LaunchScreen.storyboard in Resources */,
				0C066B892861DA8D0078C646 /* Assets.xcassets in Resources */,
				0C066B872861DA8A0078C646 /* Main.storyboard in Resources */,
			);
			runOnlyForDeploymentPostprocessing = 0;
		};
/* End PBXResourcesBuildPhase section */

/* Begin PBXShellScriptBuildPhase section */
		72CDDB5305176084B84547B8 /* [CP] Check Pods Manifest.lock */ = {
			isa = PBXShellScriptBuildPhase;
			buildActionMask = 2147483647;
			files = (
			);
			inputFileListPaths = (
			);
			inputPaths = (
				"${PODS_PODFILE_DIR_PATH}/Podfile.lock",
				"${PODS_ROOT}/Manifest.lock",
			);
			name = "[CP] Check Pods Manifest.lock";
			outputFileListPaths = (
			);
			outputPaths = (
				"$(DERIVED_FILE_DIR)/Pods-MetaU-Flixter-checkManifestLockResult.txt",
			);
			runOnlyForDeploymentPostprocessing = 0;
			shellPath = /bin/sh;
			shellScript = "diff \"${PODS_PODFILE_DIR_PATH}/Podfile.lock\" \"${PODS_ROOT}/Manifest.lock\" > /dev/null\nif [ $? != 0 ] ; then\n    # print error to STDERR\n    echo \"error: The sandbox is not in sync with the Podfile.lock. Run 'pod install' or update your CocoaPods installation.\" >&2\n    exit 1\nfi\n# This output is used by Xcode 'outputs' to avoid re-running this script phase.\necho \"SUCCESS\" > \"${SCRIPT_OUTPUT_FILE_0}\"\n";
			showEnvVarsInLog = 0;
		};
		75F515A35C13D8F5AC1CFD03 /* [CP] Embed Pods Frameworks */ = {
			isa = PBXShellScriptBuildPhase;
			buildActionMask = 2147483647;
			files = (
			);
			inputFileListPaths = (
				"${PODS_ROOT}/Target Support Files/Pods-MetaU-Flixter/Pods-MetaU-Flixter-frameworks-${CONFIGURATION}-input-files.xcfilelist",
			);
			name = "[CP] Embed Pods Frameworks";
			outputFileListPaths = (
				"${PODS_ROOT}/Target Support Files/Pods-MetaU-Flixter/Pods-MetaU-Flixter-frameworks-${CONFIGURATION}-output-files.xcfilelist",
			);
			runOnlyForDeploymentPostprocessing = 0;
			shellPath = /bin/sh;
			shellScript = "\"${PODS_ROOT}/Target Support Files/Pods-MetaU-Flixter/Pods-MetaU-Flixter-frameworks.sh\"\n";
			showEnvVarsInLog = 0;
		};
/* End PBXShellScriptBuildPhase section */

/* Begin PBXSourcesBuildPhase section */
		0C066B752861DA8A0078C646 /* Sources */ = {
			isa = PBXSourcesBuildPhase;
			buildActionMask = 2147483647;
			files = (
				0C066B842861DA8A0078C646 /* MoviesViewController.m in Sources */,
				0C066B972861DE500078C646 /* MovieCell.m in Sources */,
				0C066B7E2861DA8A0078C646 /* AppDelegate.m in Sources */,
				0C066BA02861F6DC0078C646 /* MovieCollectionViewCell.m in Sources */,
				0C066B9A2861E0660078C646 /* DetailsViewController.m in Sources */,
				0C066B9D2861F6970078C646 /* MoviesCollectionViewController.m in Sources */,
				0C066B8F2861DA8D0078C646 /* main.m in Sources */,
				0C066B812861DA8A0078C646 /* SceneDelegate.m in Sources */,
			);
			runOnlyForDeploymentPostprocessing = 0;
		};
/* End PBXSourcesBuildPhase section */

/* Begin PBXVariantGroup section */
		0C066B852861DA8A0078C646 /* Main.storyboard */ = {
			isa = PBXVariantGroup;
			children = (
				0C066B862861DA8A0078C646 /* Base */,
			);
			name = Main.storyboard;
			sourceTree = "<group>";
		};
		0C066B8A2861DA8D0078C646 /* LaunchScreen.storyboard */ = {
			isa = PBXVariantGroup;
			children = (
				0C066B8B2861DA8D0078C646 /* Base */,
			);
			name = LaunchScreen.storyboard;
			sourceTree = "<group>";
		};
/* End PBXVariantGroup section */

/* Begin XCBuildConfiguration section */
		0C066B902861DA8D0078C646 /* Debug */ = {
			isa = XCBuildConfiguration;
			buildSettings = {
				ALWAYS_SEARCH_USER_PATHS = NO;
				CLANG_ANALYZER_NONNULL = YES;
				CLANG_ANALYZER_NUMBER_OBJECT_CONVERSION = YES_AGGRESSIVE;
				CLANG_CXX_LANGUAGE_STANDARD = "gnu++17";
				CLANG_ENABLE_MODULES = YES;
				CLANG_ENABLE_OBJC_ARC = YES;
				CLANG_ENABLE_OBJC_WEAK = YES;
				CLANG_WARN_BLOCK_CAPTURE_AUTORELEASING = YES;
				CLANG_WARN_BOOL_CONVERSION = YES;
				CLANG_WARN_COMMA = YES;
				CLANG_WARN_CONSTANT_CONVERSION = YES;
				CLANG_WARN_DEPRECATED_OBJC_IMPLEMENTATIONS = YES;
				CLANG_WARN_DIRECT_OBJC_ISA_USAGE = YES_ERROR;
				CLANG_WARN_DOCUMENTATION_COMMENTS = YES;
				CLANG_WARN_EMPTY_BODY = YES;
				CLANG_WARN_ENUM_CONVERSION = YES;
				CLANG_WARN_INFINITE_RECURSION = YES;
				CLANG_WARN_INT_CONVERSION = YES;
				CLANG_WARN_NON_LITERAL_NULL_CONVERSION = YES;
				CLANG_WARN_OBJC_IMPLICIT_RETAIN_SELF = YES;
				CLANG_WARN_OBJC_LITERAL_CONVERSION = YES;
				CLANG_WARN_OBJC_ROOT_CLASS = YES_ERROR;
				CLANG_WARN_QUOTED_INCLUDE_IN_FRAMEWORK_HEADER = YES;
				CLANG_WARN_RANGE_LOOP_ANALYSIS = YES;
				CLANG_WARN_STRICT_PROTOTYPES = YES;
				CLANG_WARN_SUSPICIOUS_MOVE = YES;
				CLANG_WARN_UNGUARDED_AVAILABILITY = YES_AGGRESSIVE;
				CLANG_WARN_UNREACHABLE_CODE = YES;
				CLANG_WARN__DUPLICATE_METHOD_MATCH = YES;
				COPY_PHASE_STRIP = NO;
				DEBUG_INFORMATION_FORMAT = dwarf;
				ENABLE_STRICT_OBJC_MSGSEND = YES;
				ENABLE_TESTABILITY = YES;
				GCC_C_LANGUAGE_STANDARD = gnu11;
				GCC_DYNAMIC_NO_PIC = NO;
				GCC_NO_COMMON_BLOCKS = YES;
				GCC_OPTIMIZATION_LEVEL = 0;
				GCC_PREPROCESSOR_DEFINITIONS = (
					"DEBUG=1",
					"$(inherited)",
				);
				GCC_WARN_64_TO_32_BIT_CONVERSION = YES;
				GCC_WARN_ABOUT_RETURN_TYPE = YES_ERROR;
				GCC_WARN_UNDECLARED_SELECTOR = YES;
				GCC_WARN_UNINITIALIZED_AUTOS = YES_AGGRESSIVE;
				GCC_WARN_UNUSED_FUNCTION = YES;
				GCC_WARN_UNUSED_VARIABLE = YES;
				IPHONEOS_DEPLOYMENT_TARGET = 15.5;
				MTL_ENABLE_DEBUG_INFO = INCLUDE_SOURCE;
				MTL_FAST_MATH = YES;
				ONLY_ACTIVE_ARCH = YES;
				SDKROOT = iphoneos;
			};
			name = Debug;
		};
		0C066B912861DA8D0078C646 /* Release */ = {
			isa = XCBuildConfiguration;
			buildSettings = {
				ALWAYS_SEARCH_USER_PATHS = NO;
				CLANG_ANALYZER_NONNULL = YES;
				CLANG_ANALYZER_NUMBER_OBJECT_CONVERSION = YES_AGGRESSIVE;
				CLANG_CXX_LANGUAGE_STANDARD = "gnu++17";
				CLANG_ENABLE_MODULES = YES;
				CLANG_ENABLE_OBJC_ARC = YES;
				CLANG_ENABLE_OBJC_WEAK = YES;
				CLANG_WARN_BLOCK_CAPTURE_AUTORELEASING = YES;
				CLANG_WARN_BOOL_CONVERSION = YES;
				CLANG_WARN_COMMA = YES;
				CLANG_WARN_CONSTANT_CONVERSION = YES;
				CLANG_WARN_DEPRECATED_OBJC_IMPLEMENTATIONS = YES;
				CLANG_WARN_DIRECT_OBJC_ISA_USAGE = YES_ERROR;
				CLANG_WARN_DOCUMENTATION_COMMENTS = YES;
				CLANG_WARN_EMPTY_BODY = YES;
				CLANG_WARN_ENUM_CONVERSION = YES;
				CLANG_WARN_INFINITE_RECURSION = YES;
				CLANG_WARN_INT_CONVERSION = YES;
				CLANG_WARN_NON_LITERAL_NULL_CONVERSION = YES;
				CLANG_WARN_OBJC_IMPLICIT_RETAIN_SELF = YES;
				CLANG_WARN_OBJC_LITERAL_CONVERSION = YES;
				CLANG_WARN_OBJC_ROOT_CLASS = YES_ERROR;
				CLANG_WARN_QUOTED_INCLUDE_IN_FRAMEWORK_HEADER = YES;
				CLANG_WARN_RANGE_LOOP_ANALYSIS = YES;
				CLANG_WARN_STRICT_PROTOTYPES = YES;
				CLANG_WARN_SUSPICIOUS_MOVE = YES;
				CLANG_WARN_UNGUARDED_AVAILABILITY = YES_AGGRESSIVE;
				CLANG_WARN_UNREACHABLE_CODE = YES;
				CLANG_WARN__DUPLICATE_METHOD_MATCH = YES;
				COPY_PHASE_STRIP = NO;
				DEBUG_INFORMATION_FORMAT = "dwarf-with-dsym";
				ENABLE_NS_ASSERTIONS = NO;
				ENABLE_STRICT_OBJC_MSGSEND = YES;
				GCC_C_LANGUAGE_STANDARD = gnu11;
				GCC_NO_COMMON_BLOCKS = YES;
				GCC_WARN_64_TO_32_BIT_CONVERSION = YES;
				GCC_WARN_ABOUT_RETURN_TYPE = YES_ERROR;
				GCC_WARN_UNDECLARED_SELECTOR = YES;
				GCC_WARN_UNINITIALIZED_AUTOS = YES_AGGRESSIVE;
				GCC_WARN_UNUSED_FUNCTION = YES;
				GCC_WARN_UNUSED_VARIABLE = YES;
				IPHONEOS_DEPLOYMENT_TARGET = 15.5;
				MTL_ENABLE_DEBUG_INFO = NO;
				MTL_FAST_MATH = YES;
				SDKROOT = iphoneos;
				VALIDATE_PRODUCT = YES;
			};
			name = Release;
		};
		0C066B932861DA8D0078C646 /* Debug */ = {
			isa = XCBuildConfiguration;
			baseConfigurationReference = F23997D92C6268CCF1FF6A80 /* Pods-MetaU-Flixter.debug.xcconfig */;
			buildSettings = {
				ASSETCATALOG_COMPILER_APPICON_NAME = AppIcon;
				ASSETCATALOG_COMPILER_GLOBAL_ACCENT_COLOR_NAME = AccentColor;
				CODE_SIGN_STYLE = Automatic;
				CURRENT_PROJECT_VERSION = 1;
				DEVELOPMENT_TEAM = VKKZ6JX7SH;
				GENERATE_INFOPLIST_FILE = YES;
				INFOPLIST_FILE = "MetaU-Flixter/Info.plist";
				INFOPLIST_KEY_UIApplicationSupportsIndirectInputEvents = YES;
				INFOPLIST_KEY_UILaunchStoryboardName = LaunchScreen;
				INFOPLIST_KEY_UIMainStoryboardFile = Main;
				INFOPLIST_KEY_UISupportedInterfaceOrientations_iPad = "UIInterfaceOrientationPortrait UIInterfaceOrientationPortraitUpsideDown UIInterfaceOrientationLandscapeLeft UIInterfaceOrientationLandscapeRight";
				INFOPLIST_KEY_UISupportedInterfaceOrientations_iPhone = "UIInterfaceOrientationPortrait UIInterfaceOrientationLandscapeLeft UIInterfaceOrientationLandscapeRight";
				LD_RUNPATH_SEARCH_PATHS = (
					"$(inherited)",
					"@executable_path/Frameworks",
				);
				MARKETING_VERSION = 1.0;
				PRODUCT_BUNDLE_IDENTIFIER = "com.maribelmontejano.MetaU-Flixter";
				PRODUCT_NAME = "$(TARGET_NAME)";
				SWIFT_EMIT_LOC_STRINGS = YES;
				TARGETED_DEVICE_FAMILY = "1,2";
			};
			name = Debug;
		};
		0C066B942861DA8D0078C646 /* Release */ = {
			isa = XCBuildConfiguration;
			baseConfigurationReference = A4485360DC645DDEED8163DF /* Pods-MetaU-Flixter.release.xcconfig */;
			buildSettings = {
				ASSETCATALOG_COMPILER_APPICON_NAME = AppIcon;
				ASSETCATALOG_COMPILER_GLOBAL_ACCENT_COLOR_NAME = AccentColor;
				CODE_SIGN_STYLE = Automatic;
				CURRENT_PROJECT_VERSION = 1;
				DEVELOPMENT_TEAM = VKKZ6JX7SH;
				GENERATE_INFOPLIST_FILE = YES;
				INFOPLIST_FILE = "MetaU-Flixter/Info.plist";
				INFOPLIST_KEY_UIApplicationSupportsIndirectInputEvents = YES;
				INFOPLIST_KEY_UILaunchStoryboardName = LaunchScreen;
				INFOPLIST_KEY_UIMainStoryboardFile = Main;
				INFOPLIST_KEY_UISupportedInterfaceOrientations_iPad = "UIInterfaceOrientationPortrait UIInterfaceOrientationPortraitUpsideDown UIInterfaceOrientationLandscapeLeft UIInterfaceOrientationLandscapeRight";
				INFOPLIST_KEY_UISupportedInterfaceOrientations_iPhone = "UIInterfaceOrientationPortrait UIInterfaceOrientationLandscapeLeft UIInterfaceOrientationLandscapeRight";
				LD_RUNPATH_SEARCH_PATHS = (
					"$(inherited)",
					"@executable_path/Frameworks",
				);
				MARKETING_VERSION = 1.0;
				PRODUCT_BUNDLE_IDENTIFIER = "com.maribelmontejano.MetaU-Flixter";
				PRODUCT_NAME = "$(TARGET_NAME)";
				SWIFT_EMIT_LOC_STRINGS = YES;
				TARGETED_DEVICE_FAMILY = "1,2";
			};
			name = Release;
		};
/* End XCBuildConfiguration section */

/* Begin XCConfigurationList section */
		0C066B742861DA8A0078C646 /* Build configuration list for PBXProject "MetaU-Flixter" */ = {
			isa = XCConfigurationList;
			buildConfigurations = (
				0C066B902861DA8D0078C646 /* Debug */,
				0C066B912861DA8D0078C646 /* Release */,
			);
			defaultConfigurationIsVisible = 0;
			defaultConfigurationName = Release;
		};
		0C066B922861DA8D0078C646 /* Build configuration list for PBXNativeTarget "MetaU-Flixter" */ = {
			isa = XCConfigurationList;
			buildConfigurations = (
				0C066B932861DA8D0078C646 /* Debug */,
				0C066B942861DA8D0078C646 /* Release */,
			);
			defaultConfigurationIsVisible = 0;
			defaultConfigurationName = Release;
		};
/* End XCConfigurationList section */
	};
	rootObject = 0C066B712861DA8A0078C646 /* Project object */;
}
